
Microsoft Visual Studio Solution File, Format Version 12.00
# Visual Studio 14
VisualStudioVersion = 14.0.25420.1
MinimumVisualStudioVersion = 10.0.40219.1
Project("{FAE04EC0-301F-11D3-BF4B-00C04F79EFBC}") = "Northwind.Repositorios.SqlServer.Ado", "Northwind.Repositorios.SqlServer.Ado\Northwind.Repositorios.SqlServer.Ado.csproj", "{16C2E732-5F8B-4C0F-83F1-32506A61656A}"
EndProject
Project("{FAE04EC0-301F-11D3-BF4B-00C04F79EFBC}") = "Northwind.Repositorios.SqlServer.AdoTests", "Northwind.Repositorios.SqlServer.AdoTests\Northwind.Repositorios.SqlServer.AdoTests.csproj", "{4C2E6B15-3F4C-411B-B2D6-DDE1355D5DA1}"
EndProject
Project("{FAE04EC0-301F-11D3-BF4B-00C04F79EFBC}") = "Northwind.WebForms", "Northwind.WebForms\Northwind.WebForms.csproj", "{6D760065-C6B3-4A00-9D27-81BEE78A9BF6}"
EndProject
Project("{FAE04EC0-301F-11D3-BF4B-00C04F79EFBC}") = "Northwind.Dominio", "Northwind.Dominio\Northwind.Dominio.csproj", "{59D29AE1-7139-42DD-AD88-E3149136E427}"
EndProject
Project("{FAE04EC0-301F-11D3-BF4B-00C04F79EFBC}") = "Northwind.Mvc", "Northwind.Mvc\Northwind.Mvc.csproj", "{2299EBC2-3125-45B5-A060-5415CB617D8E}"
EndProject
Project("{00D1A9C2-B5F0-4AF3-8072-F6C62B433612}") = "Northwind.Database", "Northwind.Database\Northwind.Database.sqlproj", "{01EC3FCE-C603-4CEF-B132-C9D4C0806F92}"
EndProject
Project("{2150E333-8FDC-42A3-9474-1A3956D46DE8}") = "Northwind", "Northwind", "{7993AFD1-5365-4781-A71E-4350C2C7B7B6}"
EndProject
Project("{2150E333-8FDC-42A3-9474-1A3956D46DE8}") = "Loja", "Loja", "{C2B4D7DB-954A-4AC1-A058-A06B1C3500C7}"
EndProject
Project("{FAE04EC0-301F-11D3-BF4B-00C04F79EFBC}") = "Loja.Dominio", "Loja.Dominio\Loja.Dominio.csproj", "{01720427-46B5-4115-B309-12787EE78021}"
EndProject
Project("{FAE04EC0-301F-11D3-BF4B-00C04F79EFBC}") = "Loja.Repositorios.SqlServer.EF", "Loja.Repositorios.SqlServer.EF\Loja.Repositorios.SqlServer.EF.csproj", "{3B2E3FDE-90AD-4BC2-8075-823A192084C3}"
EndProject
Project("{FAE04EC0-301F-11D3-BF4B-00C04F79EFBC}") = "Loja.Repositorios.SqlServer.EFTests", "Loja.Repositorios.SqlServer.EFTests\Loja.Repositorios.SqlServer.EFTests.csproj", "{C29E604B-9879-4092-9769-9EF364C25D94}"
EndProject
Project("{FAE04EC0-301F-11D3-BF4B-00C04F79EFBC}") = "Loja.Mvc", "Loja.Mvc\Loja.Mvc.csproj", "{99A13AE6-88E7-4CE7-8C62-6E6D4231443B}"
EndProject
Project("{2150E333-8FDC-42A3-9474-1A3956D46DE8}") = "AdventureWorks", "AdventureWorks", "{E7CF2135-6BD9-4127-B2A2-E02DC4AE87BB}"
EndProject
Project("{FAE04EC0-301F-11D3-BF4B-00C04F79EFBC}") = "AW.Repositorios.SqlServer.EF.DbFirst", "AW.Repositorios.SqlServer.EF.DbFirst\AW.Repositorios.SqlServer.EF.DbFirst.csproj", "{B08459E9-4D7C-400F-B295-3352CE952B37}"
EndProject
Project("{FAE04EC0-301F-11D3-BF4B-00C04F79EFBC}") = "AW.Wcf", "AW.Wcf\AW.Wcf.csproj", "{3E2C4F41-1A17-4544-AA6E-B20A51E061D0}"
EndProject
Project("{FAE04EC0-301F-11D3-BF4B-00C04F79EFBC}") = "AW.Wcf.Testes", "AW.Wcf.Testes\AW.Wcf.Testes.csproj", "{7259E04D-602C-49C5-9BE0-72521E41E916}"
	ProjectSection(ProjectDependencies) = postProject
		{3E2C4F41-1A17-4544-AA6E-B20A51E061D0} = {3E2C4F41-1A17-4544-AA6E-B20A51E061D0}
	EndProjectSection
EndProject
Project("{FAE04EC0-301F-11D3-BF4B-00C04F79EFBC}") = "Loja.WebApi", "Loja.WebApi\Loja.WebApi.csproj", "{4519D7BE-B551-413A-AB7F-3711F7D898BD}"
EndProject
Global
	GlobalSection(SolutionConfigurationPlatforms) = preSolution
		Debug|Any CPU = Debug|Any CPU
		Release|Any CPU = Release|Any CPU
	EndGlobalSection
	GlobalSection(ProjectConfigurationPlatforms) = postSolution
		{16C2E732-5F8B-4C0F-83F1-32506A61656A}.Debug|Any CPU.ActiveCfg = Debug|Any CPU
		{16C2E732-5F8B-4C0F-83F1-32506A61656A}.Debug|Any CPU.Build.0 = Debug|Any CPU
		{16C2E732-5F8B-4C0F-83F1-32506A61656A}.Release|Any CPU.ActiveCfg = Release|Any CPU
		{16C2E732-5F8B-4C0F-83F1-32506A61656A}.Release|Any CPU.Build.0 = Release|Any CPU
		{4C2E6B15-3F4C-411B-B2D6-DDE1355D5DA1}.Debug|Any CPU.ActiveCfg = Debug|Any CPU
		{4C2E6B15-3F4C-411B-B2D6-DDE1355D5DA1}.Debug|Any CPU.Build.0 = Debug|Any CPU
		{4C2E6B15-3F4C-411B-B2D6-DDE1355D5DA1}.Release|Any CPU.ActiveCfg = Release|Any CPU
		{4C2E6B15-3F4C-411B-B2D6-DDE1355D5DA1}.Release|Any CPU.Build.0 = Release|Any CPU
		{6D760065-C6B3-4A00-9D27-81BEE78A9BF6}.Debug|Any CPU.ActiveCfg = Debug|Any CPU
		{6D760065-C6B3-4A00-9D27-81BEE78A9BF6}.Debug|Any CPU.Build.0 = Debug|Any CPU
		{6D760065-C6B3-4A00-9D27-81BEE78A9BF6}.Release|Any CPU.ActiveCfg = Release|Any CPU
		{6D760065-C6B3-4A00-9D27-81BEE78A9BF6}.Release|Any CPU.Build.0 = Release|Any CPU
		{59D29AE1-7139-42DD-AD88-E3149136E427}.Debug|Any CPU.ActiveCfg = Debug|Any CPU
		{59D29AE1-7139-42DD-AD88-E3149136E427}.Debug|Any CPU.Build.0 = Debug|Any CPU
		{59D29AE1-7139-42DD-AD88-E3149136E427}.Release|Any CPU.ActiveCfg = Release|Any CPU
		{59D29AE1-7139-42DD-AD88-E3149136E427}.Release|Any CPU.Build.0 = Release|Any CPU
		{2299EBC2-3125-45B5-A060-5415CB617D8E}.Debug|Any CPU.ActiveCfg = Debug|Any CPU
		{2299EBC2-3125-45B5-A060-5415CB617D8E}.Debug|Any CPU.Build.0 = Debug|Any CPU
		{2299EBC2-3125-45B5-A060-5415CB617D8E}.Release|Any CPU.ActiveCfg = Release|Any CPU
		{2299EBC2-3125-45B5-A060-5415CB617D8E}.Release|Any CPU.Build.0 = Release|Any CPU
		{01EC3FCE-C603-4CEF-B132-C9D4C0806F92}.Debug|Any CPU.ActiveCfg = Debug|Any CPU
		{01EC3FCE-C603-4CEF-B132-C9D4C0806F92}.Debug|Any CPU.Build.0 = Debug|Any CPU
		{01EC3FCE-C603-4CEF-B132-C9D4C0806F92}.Debug|Any CPU.Deploy.0 = Debug|Any CPU
		{01EC3FCE-C603-4CEF-B132-C9D4C0806F92}.Release|Any CPU.ActiveCfg = Release|Any CPU
		{01EC3FCE-C603-4CEF-B132-C9D4C0806F92}.Release|Any CPU.Build.0 = Release|Any CPU
		{01EC3FCE-C603-4CEF-B132-C9D4C0806F92}.Release|Any CPU.Deploy.0 = Release|Any CPU
		{01720427-46B5-4115-B309-12787EE78021}.Debug|Any CPU.ActiveCfg = Debug|Any CPU
		{01720427-46B5-4115-B309-12787EE78021}.Debug|Any CPU.Build.0 = Debug|Any CPU
		{01720427-46B5-4115-B309-12787EE78021}.Release|Any CPU.ActiveCfg = Release|Any CPU
		{01720427-46B5-4115-B309-12787EE78021}.Release|Any CPU.Build.0 = Release|Any CPU
		{3B2E3FDE-90AD-4BC2-8075-823A192084C3}.Debug|Any CPU.ActiveCfg = Debug|Any CPU
		{3B2E3FDE-90AD-4BC2-8075-823A192084C3}.Debug|Any CPU.Build.0 = Debug|Any CPU
		{3B2E3FDE-90AD-4BC2-8075-823A192084C3}.Release|Any CPU.ActiveCfg = Release|Any CPU
		{3B2E3FDE-90AD-4BC2-8075-823A192084C3}.Release|Any CPU.Build.0 = Release|Any CPU
		{C29E604B-9879-4092-9769-9EF364C25D94}.Debug|Any CPU.ActiveCfg = Debug|Any CPU
		{C29E604B-9879-4092-9769-9EF364C25D94}.Debug|Any CPU.Build.0 = Debug|Any CPU
		{C29E604B-9879-4092-9769-9EF364C25D94}.Release|Any CPU.ActiveCfg = Release|Any CPU
		{C29E604B-9879-4092-9769-9EF364C25D94}.Release|Any CPU.Build.0 = Release|Any CPU
		{99A13AE6-88E7-4CE7-8C62-6E6D4231443B}.Debug|Any CPU.ActiveCfg = Debug|Any CPU
		{99A13AE6-88E7-4CE7-8C62-6E6D4231443B}.Debug|Any CPU.Build.0 = Debug|Any CPU
		{99A13AE6-88E7-4CE7-8C62-6E6D4231443B}.Release|Any CPU.ActiveCfg = Release|Any CPU
		{99A13AE6-88E7-4CE7-8C62-6E6D4231443B}.Release|Any CPU.Build.0 = Release|Any CPU
		{B08459E9-4D7C-400F-B295-3352CE952B37}.Debug|Any CPU.ActiveCfg = Debug|Any CPU
		{B08459E9-4D7C-400F-B295-3352CE952B37}.Debug|Any CPU.Build.0 = Debug|Any CPU
		{B08459E9-4D7C-400F-B295-3352CE952B37}.Release|Any CPU.ActiveCfg = Release|Any CPU
		{B08459E9-4D7C-400F-B295-3352CE952B37}.Release|Any CPU.Build.0 = Release|Any CPU
		{3E2C4F41-1A17-4544-AA6E-B20A51E061D0}.Debug|Any CPU.ActiveCfg = Debug|Any CPU
		{3E2C4F41-1A17-4544-AA6E-B20A51E061D0}.Debug|Any CPU.Build.0 = Debug|Any CPU
		{3E2C4F41-1A17-4544-AA6E-B20A51E061D0}.Release|Any CPU.ActiveCfg = Release|Any CPU
		{3E2C4F41-1A17-4544-AA6E-B20A51E061D0}.Release|Any CPU.Build.0 = Release|Any CPU
		{7259E04D-602C-49C5-9BE0-72521E41E916}.Debug|Any CPU.ActiveCfg = Debug|Any CPU
		{7259E04D-602C-49C5-9BE0-72521E41E916}.Debug|Any CPU.Build.0 = Debug|Any CPU
		{7259E04D-602C-49C5-9BE0-72521E41E916}.Release|Any CPU.ActiveCfg = Release|Any CPU
		{7259E04D-602C-49C5-9BE0-72521E41E916}.Release|Any CPU.Build.0 = Release|Any CPU
		{4519D7BE-B551-413A-AB7F-3711F7D898BD}.Debug|Any CPU.ActiveCfg = Debug|Any CPU
		{4519D7BE-B551-413A-AB7F-3711F7D898BD}.Debug|Any CPU.Build.0 = Debug|Any CPU
		{4519D7BE-B551-413A-AB7F-3711F7D898BD}.Release|Any CPU.ActiveCfg = Release|Any CPU
		{4519D7BE-B551-413A-AB7F-3711F7D898BD}.Release|Any CPU.Build.0 = Release|Any CPU
	EndGlobalSection
	GlobalSection(SolutionProperties) = preSolution
		HideSolutionNode = FALSE
	EndGlobalSection
	GlobalSection(NestedProjects) = preSolution
		{16C2E732-5F8B-4C0F-83F1-32506A61656A} = {7993AFD1-5365-4781-A71E-4350C2C7B7B6}
		{4C2E6B15-3F4C-411B-B2D6-DDE1355D5DA1} = {7993AFD1-5365-4781-A71E-4350C2C7B7B6}
		{6D760065-C6B3-4A00-9D27-81BEE78A9BF6} = {7993AFD1-5365-4781-A71E-4350C2C7B7B6}
		{59D29AE1-7139-42DD-AD88-E3149136E427} = {7993AFD1-5365-4781-A71E-4350C2C7B7B6}
		{2299EBC2-3125-45B5-A060-5415CB617D8E} = {7993AFD1-5365-4781-A71E-4350C2C7B7B6}
		{01EC3FCE-C603-4CEF-B132-C9D4C0806F92} = {7993AFD1-5365-4781-A71E-4350C2C7B7B6}
		{01720427-46B5-4115-B309-12787EE78021} = {C2B4D7DB-954A-4AC1-A058-A06B1C3500C7}
		{3B2E3FDE-90AD-4BC2-8075-823A192084C3} = {C2B4D7DB-954A-4AC1-A058-A06B1C3500C7}
		{C29E604B-9879-4092-9769-9EF364C25D94} = {C2B4D7DB-954A-4AC1-A058-A06B1C3500C7}
		{99A13AE6-88E7-4CE7-8C62-6E6D4231443B} = {C2B4D7DB-954A-4AC1-A058-A06B1C3500C7}
		{B08459E9-4D7C-400F-B295-3352CE952B37} = {E7CF2135-6BD9-4127-B2A2-E02DC4AE87BB}
		{3E2C4F41-1A17-4544-AA6E-B20A51E061D0} = {E7CF2135-6BD9-4127-B2A2-E02DC4AE87BB}
		{7259E04D-602C-49C5-9BE0-72521E41E916} = {E7CF2135-6BD9-4127-B2A2-E02DC4AE87BB}
		{4519D7BE-B551-413A-AB7F-3711F7D898BD} = {C2B4D7DB-954A-4AC1-A058-A06B1C3500C7}
	EndGlobalSection
EndGlobal
